
Microsoft Visual Studio Solution File, Format Version 12.00
# Visual Studio Version 17
VisualStudioVersion = 17.1.32210.238
MinimumVisualStudioVersion = 10.0.40219.1
Project("{9A19103F-16F7-4668-BE54-9A1E7A4F7556}") = "Dgf.Web", "Dgf.Web\Dgf.Web.csproj", "{C68B799B-0BA3-4242-9436-08ACD9BEACC2}"
EndProject
Project("{9A19103F-16F7-4668-BE54-9A1E7A4F7556}") = "Dgf.TestGame", "Dgf.TestGame\Dgf.TestGame.csproj", "{B916097E-4527-46AE-81E7-1FCD7BD24D0B}"
EndProject
Project("{9A19103F-16F7-4668-BE54-9A1E7A4F7556}") = "Dgf.Framework", "Dgf.Framework\Dgf.Framework.csproj", "{154C4969-A82E-47C4-982F-EA3F119852C6}"
EndProject
Project("{9A19103F-16F7-4668-BE54-9A1E7A4F7556}") = "Dgf.Framework.Tests", "Dgf.Framework.Tests\Dgf.Framework.Tests.csproj", "{A2B48750-4B79-4C4B-9938-574D67328206}"
EndProject
Global
	GlobalSection(SolutionConfigurationPlatforms) = preSolution
		Debug|Any CPU = Debug|Any CPU
		Release|Any CPU = Release|Any CPU
	EndGlobalSection
	GlobalSection(ProjectConfigurationPlatforms) = postSolution
		{C68B799B-0BA3-4242-9436-08ACD9BEACC2}.Debug|Any CPU.ActiveCfg = Debug|Any CPU
		{C68B799B-0BA3-4242-9436-08ACD9BEACC2}.Debug|Any CPU.Build.0 = Debug|Any CPU
		{C68B799B-0BA3-4242-9436-08ACD9BEACC2}.Release|Any CPU.ActiveCfg = Release|Any CPU
		{C68B799B-0BA3-4242-9436-08ACD9BEACC2}.Release|Any CPU.Build.0 = Release|Any CPU
		{B916097E-4527-46AE-81E7-1FCD7BD24D0B}.Debug|Any CPU.ActiveCfg = Debug|Any CPU
		{B916097E-4527-46AE-81E7-1FCD7BD24D0B}.Debug|Any CPU.Build.0 = Debug|Any CPU
		{B916097E-4527-46AE-81E7-1FCD7BD24D0B}.Release|Any CPU.ActiveCfg = Release|Any CPU
		{B916097E-4527-46AE-81E7-1FCD7BD24D0B}.Release|Any CPU.Build.0 = Release|Any CPU
		{154C4969-A82E-47C4-982F-EA3F119852C6}.Debug|Any CPU.ActiveCfg = Debug|Any CPU
		{154C4969-A82E-47C4-982F-EA3F119852C6}.Debug|Any CPU.Build.0 = Debug|Any CPU
		{154C4969-A82E-47C4-982F-EA3F119852C6}.Release|Any CPU.ActiveCfg = Release|Any CPU
		{154C4969-A82E-47C4-982F-EA3F119852C6}.Release|Any CPU.Build.0 = Release|Any CPU
		{A2B48750-4B79-4C4B-9938-574D67328206}.Debug|Any CPU.ActiveCfg = Debug|Any CPU
		{A2B48750-4B79-4C4B-9938-574D67328206}.Debug|Any CPU.Build.0 = Debug|Any CPU
		{A2B48750-4B79-4C4B-9938-574D67328206}.Release|Any CPU.ActiveCfg = Release|Any CPU
		{A2B48750-4B79-4C4B-9938-574D67328206}.Release|Any CPU.Build.0 = Release|Any CPU
	EndGlobalSection
	GlobalSection(SolutionProperties) = preSolution
		HideSolutionNode = FALSE
	EndGlobalSection
	GlobalSection(ExtensibilityGlobals) = postSolution
		SolutionGuid = {26ACE69B-D48F-4363-AC9E-DDE4FA316163}
	EndGlobalSection
EndGlobal
